// !$*UTF8*$!
{
	archiveVersion = 1;
	classes = {
	};
	objectVersion = 48;
	objects = {

/* Begin PBXBuildFile section */
		0312BCCA1F79221200174052 /* AppDelegate.swift in Sources */ = {isa = PBXBuildFile; fileRef = 0312BCC91F79221200174052 /* AppDelegate.swift */; };
		0312BCCC1F79221200174052 /* CheckListViewController.swift in Sources */ = {isa = PBXBuildFile; fileRef = 0312BCCB1F79221200174052 /* CheckListViewController.swift */; };
		0312BCCF1F79221300174052 /* Main.storyboard in Resources */ = {isa = PBXBuildFile; fileRef = 0312BCCD1F79221300174052 /* Main.storyboard */; };
		0312BCD11F79221300174052 /* Assets.xcassets in Resources */ = {isa = PBXBuildFile; fileRef = 0312BCD01F79221300174052 /* Assets.xcassets */; };
		0312BCD41F79221300174052 /* LaunchScreen.storyboard in Resources */ = {isa = PBXBuildFile; fileRef = 0312BCD21F79221300174052 /* LaunchScreen.storyboard */; };
		0328A67B1F86B6BF0036E5CF /* ItemDetailViewController.swift in Sources */ = {isa = PBXBuildFile; fileRef = 0328A67A1F86B6BF0036E5CF /* ItemDetailViewController.swift */; };
		0388D47520658DCF0023F1F9 /* DropDownCell.swift in Sources */ = {isa = PBXBuildFile; fileRef = 0388D47420658DCF0023F1F9 /* DropDownCell.swift */; };
		0388D4772065A2EB0023F1F9 /* IconCell.swift in Sources */ = {isa = PBXBuildFile; fileRef = 0388D4762065A2EB0023F1F9 /* IconCell.swift */; };
		039D34461FA21F3500B2C325 /* AllListsViewController.swift in Sources */ = {isa = PBXBuildFile; fileRef = 039D34451FA21F3500B2C325 /* AllListsViewController.swift */; };
		039D34481FA246CA00B2C325 /* CheckList.swift in Sources */ = {isa = PBXBuildFile; fileRef = 039D34471FA246CA00B2C325 /* CheckList.swift */; };
		03ABAB831FA3A23000D82CCB /* ListDetailViewController.swift in Sources */ = {isa = PBXBuildFile; fileRef = 03ABAB821FA3A23000D82CCB /* ListDetailViewController.swift */; };
		03DAE2AC1FA8668400F9779A /* DataModel.swift in Sources */ = {isa = PBXBuildFile; fileRef = 03DAE2AB1FA8668400F9779A /* DataModel.swift */; };
		03EA2CCC1FB4D96C00BDA909 /* IconPickerViewController.swift in Sources */ = {isa = PBXBuildFile; fileRef = 03EA2CCB1FB4D96C00BDA909 /* IconPickerViewController.swift */; };
		03F55A0B1F7A885000A49290 /* CheckListItem.swift in Sources */ = {isa = PBXBuildFile; fileRef = 03F55A0A1F7A885000A49290 /* CheckListItem.swift */; };
/* End PBXBuildFile section */

/* Begin PBXFileReference section */
		0312BCC61F79221200174052 /* CheckList.app */ = {isa = PBXFileReference; explicitFileType = wrapper.application; includeInIndex = 0; path = CheckList.app; sourceTree = BUILT_PRODUCTS_DIR; };
		0312BCC91F79221200174052 /* AppDelegate.swift */ = {isa = PBXFileReference; lastKnownFileType = sourcecode.swift; path = AppDelegate.swift; sourceTree = "<group>"; };
		0312BCCB1F79221200174052 /* CheckListViewController.swift */ = {isa = PBXFileReference; lastKnownFileType = sourcecode.swift; path = CheckListViewController.swift; sourceTree = "<group>"; };
		0312BCCE1F79221300174052 /* Base */ = {isa = PBXFileReference; lastKnownFileType = file.storyboard; name = Base; path = Base.lproj/Main.storyboard; sourceTree = "<group>"; };
		0312BCD01F79221300174052 /* Assets.xcassets */ = {isa = PBXFileReference; lastKnownFileType = folder.assetcatalog; path = Assets.xcassets; sourceTree = "<group>"; };
		0312BCD31F79221300174052 /* Base */ = {isa = PBXFileReference; lastKnownFileType = file.storyboard; name = Base; path = Base.lproj/LaunchScreen.storyboard; sourceTree = "<group>"; };
		0312BCD51F79221300174052 /* Info.plist */ = {isa = PBXFileReference; lastKnownFileType = text.plist.xml; path = Info.plist; sourceTree = "<group>"; };
		0328A67A1F86B6BF0036E5CF /* ItemDetailViewController.swift */ = {isa = PBXFileReference; lastKnownFileType = sourcecode.swift; path = ItemDetailViewController.swift; sourceTree = "<group>"; };
		0388D47420658DCF0023F1F9 /* DropDownCell.swift */ = {isa = PBXFileReference; lastKnownFileType = sourcecode.swift; path = DropDownCell.swift; sourceTree = "<group>"; };
		0388D4762065A2EB0023F1F9 /* IconCell.swift */ = {isa = PBXFileReference; lastKnownFileType = sourcecode.swift; path = IconCell.swift; sourceTree = "<group>"; };
		039D34451FA21F3500B2C325 /* AllListsViewController.swift */ = {isa = PBXFileReference; lastKnownFileType = sourcecode.swift; path = AllListsViewController.swift; sourceTree = "<group>"; };
		039D34471FA246CA00B2C325 /* CheckList.swift */ = {isa = PBXFileReference; lastKnownFileType = sourcecode.swift; path = CheckList.swift; sourceTree = "<group>"; };
		03ABAB821FA3A23000D82CCB /* ListDetailViewController.swift */ = {isa = PBXFileReference; lastKnownFileType = sourcecode.swift; path = ListDetailViewController.swift; sourceTree = "<group>"; };
		03DAE2AB1FA8668400F9779A /* DataModel.swift */ = {isa = PBXFileReference; lastKnownFileType = sourcecode.swift; path = DataModel.swift; sourceTree = "<group>"; };
		03EA2CCB1FB4D96C00BDA909 /* IconPickerViewController.swift */ = {isa = PBXFileReference; lastKnownFileType = sourcecode.swift; path = IconPickerViewController.swift; sourceTree = "<group>"; };
		03F55A0A1F7A885000A49290 /* CheckListItem.swift */ = {isa = PBXFileReference; lastKnownFileType = sourcecode.swift; path = CheckListItem.swift; sourceTree = "<group>"; };
/* End PBXFileReference section */

/* Begin PBXFrameworksBuildPhase section */
		0312BCC31F79221200174052 /* Frameworks */ = {
			isa = PBXFrameworksBuildPhase;
			buildActionMask = 2147483647;
			files = (
			);
			runOnlyForDeploymentPostprocessing = 0;
		};
/* End PBXFrameworksBuildPhase section */

/* Begin PBXGroup section */
		0312BCBD1F79221200174052 = {
			isa = PBXGroup;
			children = (
				0312BCC81F79221200174052 /* CheckList */,
				0312BCC71F79221200174052 /* Products */,
			);
			sourceTree = "<group>";
		};
		0312BCC71F79221200174052 /* Products */ = {
			isa = PBXGroup;
			children = (
				0312BCC61F79221200174052 /* CheckList.app */,
			);
			name = Products;
			sourceTree = "<group>";
		};
		0312BCC81F79221200174052 /* CheckList */ = {
			isa = PBXGroup;
			children = (
				03ABAB811FA397C100D82CCB /* MyClases */,
				0312BCC91F79221200174052 /* AppDelegate.swift */,
				039D34451FA21F3500B2C325 /* AllListsViewController.swift */,
				03ABAB821FA3A23000D82CCB /* ListDetailViewController.swift */,
				03EA2CCB1FB4D96C00BDA909 /* IconPickerViewController.swift */,
				0312BCCB1F79221200174052 /* CheckListViewController.swift */,
				0328A67A1F86B6BF0036E5CF /* ItemDetailViewController.swift */,
				0312BCCD1F79221300174052 /* Main.storyboard */,
				0312BCD01F79221300174052 /* Assets.xcassets */,
				0312BCD21F79221300174052 /* LaunchScreen.storyboard */,
				0312BCD51F79221300174052 /* Info.plist */,
			);
			path = CheckList;
			sourceTree = "<group>";
		};
		03ABAB811FA397C100D82CCB /* MyClases */ = {
			isa = PBXGroup;
			children = (
				03F55A0A1F7A885000A49290 /* CheckListItem.swift */,
				039D34471FA246CA00B2C325 /* CheckList.swift */,
				03DAE2AB1FA8668400F9779A /* DataModel.swift */,
				0388D47420658DCF0023F1F9 /* DropDownCell.swift */,
				0388D4762065A2EB0023F1F9 /* IconCell.swift */,
			);
			path = MyClases;
			sourceTree = "<group>";
		};
/* End PBXGroup section */

/* Begin PBXNativeTarget section */
		0312BCC51F79221200174052 /* CheckList */ = {
			isa = PBXNativeTarget;
			buildConfigurationList = 0312BCD81F79221300174052 /* Build configuration list for PBXNativeTarget "CheckList" */;
			buildPhases = (
				0312BCC21F79221200174052 /* Sources */,
				0312BCC31F79221200174052 /* Frameworks */,
				0312BCC41F79221200174052 /* Resources */,
			);
			buildRules = (
			);
			dependencies = (
			);
			name = CheckList;
			productName = CheckList;
			productReference = 0312BCC61F79221200174052 /* CheckList.app */;
			productType = "com.apple.product-type.application";
		};
/* End PBXNativeTarget section */

/* Begin PBXProject section */
		0312BCBE1F79221200174052 /* Project object */ = {
			isa = PBXProject;
			attributes = {
				LastSwiftUpdateCheck = 0900;
				LastUpgradeCheck = 0900;
				ORGANIZATIONNAME = getTrickS2;
				TargetAttributes = {
					0312BCC51F79221200174052 = {
						CreatedOnToolsVersion = 9.0;
						ProvisioningStyle = Automatic;
					};
				};
			};
			buildConfigurationList = 0312BCC11F79221200174052 /* Build configuration list for PBXProject "CheckList" */;
			compatibilityVersion = "Xcode 8.0";
			developmentRegion = en;
			hasScannedForEncodings = 0;
			knownRegions = (
				en,
				Base,
			);
			mainGroup = 0312BCBD1F79221200174052;
			productRefGroup = 0312BCC71F79221200174052 /* Products */;
			projectDirPath = "";
			projectRoot = "";
			targets = (
				0312BCC51F79221200174052 /* CheckList */,
			);
		};
/* End PBXProject section */

/* Begin PBXResourcesBuildPhase section */
		0312BCC41F79221200174052 /* Resources */ = {
			isa = PBXResourcesBuildPhase;
			buildActionMask = 2147483647;
			files = (
				0312BCD41F79221300174052 /* LaunchScreen.storyboard in Resources */,
				0312BCD11F79221300174052 /* Assets.xcassets in Resources */,
				0312BCCF1F79221300174052 /* Main.storyboard in Resources */,
			);
			runOnlyForDeploymentPostprocessing = 0;
		};
/* End PBXResourcesBuildPhase section */

/* Begin PBXSourcesBuildPhase section */
		0312BCC21F79221200174052 /* Sources */ = {
			isa = PBXSourcesBuildPhase;
			buildActionMask = 2147483647;
			files = (
				0388D47520658DCF0023F1F9 /* DropDownCell.swift in Sources */,
				03F55A0B1F7A885000A49290 /* CheckListItem.swift in Sources */,
				03ABAB831FA3A23000D82CCB /* ListDetailViewController.swift in Sources */,
				0388D4772065A2EB0023F1F9 /* IconCell.swift in Sources */,
				0328A67B1F86B6BF0036E5CF /* ItemDetailViewController.swift in Sources */,
				03EA2CCC1FB4D96C00BDA909 /* IconPickerViewController.swift in Sources */,
				0312BCCC1F79221200174052 /* CheckListViewController.swift in Sources */,
				039D34461FA21F3500B2C325 /* AllListsViewController.swift in Sources */,
				03DAE2AC1FA8668400F9779A /* DataModel.swift in Sources */,
				039D34481FA246CA00B2C325 /* CheckList.swift in Sources */,
				0312BCCA1F79221200174052 /* AppDelegate.swift in Sources */,
			);
			runOnlyForDeploymentPostprocessing = 0;
		};
/* End PBXSourcesBuildPhase section */

/* Begin PBXVariantGroup section */
		0312BCCD1F79221300174052 /* Main.storyboard */ = {
			isa = PBXVariantGroup;
			children = (
				0312BCCE1F79221300174052 /* Base */,
			);
			name = Main.storyboard;
			sourceTree = "<group>";
		};
		0312BCD21F79221300174052 /* LaunchScreen.storyboard */ = {
			isa = PBXVariantGroup;
			children = (
				0312BCD31F79221300174052 /* Base */,
			);
			name = LaunchScreen.storyboard;
			sourceTree = "<group>";
		};
/* End PBXVariantGroup section */

/* Begin XCBuildConfiguration section */
		0312BCD61F79221300174052 /* Debug */ = {
			isa = XCBuildConfiguration;
			buildSettings = {
				ALWAYS_SEARCH_USER_PATHS = NO;
				CLANG_ANALYZER_NONNULL = YES;
				CLANG_ANALYZER_NUMBER_OBJECT_CONVERSION = YES_AGGRESSIVE;
				CLANG_CXX_LANGUAGE_STANDARD = "gnu++14";
				CLANG_CXX_LIBRARY = "libc++";
				CLANG_ENABLE_MODULES = YES;
				CLANG_ENABLE_OBJC_ARC = YES;
				CLANG_WARN_BLOCK_CAPTURE_AUTORELEASING = YES;
				CLANG_WARN_BOOL_CONVERSION = YES;
				CLANG_WARN_COMMA = YES;
				CLANG_WARN_CONSTANT_CONVERSION = YES;
				CLANG_WARN_DIRECT_OBJC_ISA_USAGE = YES_ERROR;
				CLANG_WARN_DOCUMENTATION_COMMENTS = YES;
				CLANG_WARN_EMPTY_BODY = YES;
				CLANG_WARN_ENUM_CONVERSION = YES;
				CLANG_WARN_INFINITE_RECURSION = YES;
				CLANG_WARN_INT_CONVERSION = YES;
				CLANG_WARN_NON_LITERAL_NULL_CONVERSION = YES;
				CLANG_WARN_OBJC_LITERAL_CONVERSION = YES;
				CLANG_WARN_OBJC_ROOT_CLASS = YES_ERROR;
				CLANG_WARN_RANGE_LOOP_ANALYSIS = YES;
				CLANG_WARN_STRICT_PROTOTYPES = YES;
				CLANG_WARN_SUSPICIOUS_MOVE = YES;
				CLANG_WARN_UNGUARDED_AVAILABILITY = YES_AGGRESSIVE;
				CLANG_WARN_UNREACHABLE_CODE = YES;
				CLANG_WARN__DUPLICATE_METHOD_MATCH = YES;
				CODE_SIGN_IDENTITY = "iPhone Developer";
				COPY_PHASE_STRIP = NO;
				DEBUG_INFORMATION_FORMAT = dwarf;
				ENABLE_STRICT_OBJC_MSGSEND = YES;
				ENABLE_TESTABILITY = YES;
				GCC_C_LANGUAGE_STANDARD = gnu11;
				GCC_DYNAMIC_NO_PIC = NO;
				GCC_NO_COMMON_BLOCKS = YES;
				GCC_OPTIMIZATION_LEVEL = 0;
				GCC_PREPROCESSOR_DEFINITIONS = (
					"DEBUG=1",
					"$(inherited)",
				);
				GCC_WARN_64_TO_32_BIT_CONVERSION = YES;
				GCC_WARN_ABOUT_RETURN_TYPE = YES_ERROR;
				GCC_WARN_UNDECLARED_SELECTOR = YES;
				GCC_WARN_UNINITIALIZED_AUTOS = YES_AGGRESSIVE;
				GCC_WARN_UNUSED_FUNCTION = YES;
				GCC_WARN_UNUSED_VARIABLE = YES;
				IPHONEOS_DEPLOYMENT_TARGET = 11.0;
				MTL_ENABLE_DEBUG_INFO = YES;
				ONLY_ACTIVE_ARCH = YES;
				SDKROOT = iphoneos;
				SWIFT_ACTIVE_COMPILATION_CONDITIONS = DEBUG;
				SWIFT_OPTIMIZATION_LEVEL = "-Onone";
			};
			name = Debug;
		};
		0312BCD71F79221300174052 /* Release */ = {
			isa = XCBuildConfiguration;
			buildSettings = {
				ALWAYS_SEARCH_USER_PATHS = NO;
				CLANG_ANALYZER_NONNULL = YES;
				CLANG_ANALYZER_NUMBER_OBJECT_CONVERSION = YES_AGGRESSIVE;
				CLANG_CXX_LANGUAGE_STANDARD = "gnu++14";
				CLANG_CXX_LIBRARY = "libc++";
				CLANG_ENABLE_MODULES = YES;
				CLANG_ENABLE_OBJC_ARC = YES;
				CLANG_WARN_BLOCK_CAPTURE_AUTORELEASING = YES;
				CLANG_WARN_BOOL_CONVERSION = YES;
				CLANG_WARN_COMMA = YES;
				CLANG_WARN_CONSTANT_CONVERSION = YES;
				CLANG_WARN_DIRECT_OBJC_ISA_USAGE = YES_ERROR;
				CLANG_WARN_DOCUMENTATION_COMMENTS = YES;
				CLANG_WARN_EMPTY_BODY = YES;
				CLANG_WARN_ENUM_CONVERSION = YES;
				CLANG_WARN_INFINITE_RECURSION = YES;
				CLANG_WARN_INT_CONVERSION = YES;
				CLANG_WARN_NON_LITERAL_NULL_CONVERSION = YES;
				CLANG_WARN_OBJC_LITERAL_CONVERSION = YES;
				CLANG_WARN_OBJC_ROOT_CLASS = YES_ERROR;
				CLANG_WARN_RANGE_LOOP_ANALYSIS = YES;
				CLANG_WARN_STRICT_PROTOTYPES = YES;
				CLANG_WARN_SUSPICIOUS_MOVE = YES;
				CLANG_WARN_UNGUARDED_AVAILABILITY = YES_AGGRESSIVE;
				CLANG_WARN_UNREACHABLE_CODE = YES;
				CLANG_WARN__DUPLICATE_METHOD_MATCH = YES;
				CODE_SIGN_IDENTITY = "iPhone Developer";
				COPY_PHASE_STRIP = NO;
				DEBUG_INFORMATION_FORMAT = "dwarf-with-dsym";
				ENABLE_NS_ASSERTIONS = NO;
				ENABLE_STRICT_OBJC_MSGSEND = YES;
				GCC_C_LANGUAGE_STANDARD = gnu11;
				GCC_NO_COMMON_BLOCKS = YES;
				GCC_WARN_64_TO_32_BIT_CONVERSION = YES;
				GCC_WARN_ABOUT_RETURN_TYPE = YES_ERROR;
				GCC_WARN_UNDECLARED_SELECTOR = YES;
				GCC_WARN_UNINITIALIZED_AUTOS = YES_AGGRESSIVE;
				GCC_WARN_UNUSED_FUNCTION = YES;
				GCC_WARN_UNUSED_VARIABLE = YES;
				IPHONEOS_DEPLOYMENT_TARGET = 11.0;
				MTL_ENABLE_DEBUG_INFO = NO;
				SDKROOT = iphoneos;
				SWIFT_OPTIMIZATION_LEVEL = "-Owholemodule";
				VALIDATE_PRODUCT = YES;
			};
			name = Release;
		};
		0312BCD91F79221300174052 /* Debug */ = {
			isa = XCBuildConfiguration;
			buildSettings = {
				ASSETCATALOG_COMPILER_APPICON_NAME = AppIcon;
				CODE_SIGN_STYLE = Automatic;
				INFOPLIST_FILE = CheckList/Info.plist;
				LD_RUNPATH_SEARCH_PATHS = "$(inherited) @executable_path/Frameworks";
				PRODUCT_BUNDLE_IDENTIFIER = svr.CheckList;
				PRODUCT_NAME = "$(TARGET_NAME)";
				SWIFT_VERSION = 4.0;
				TARGETED_DEVICE_FAMILY = 1;
			};
			name = Debug;
		};
		0312BCDA1F79221300174052 /* Release */ = {
			isa = XCBuildConfiguration;
			buildSettings = {
				ASSETCATALOG_COMPILER_APPICON_NAME = AppIcon;
				CODE_SIGN_STYLE = Automatic;
				INFOPLIST_FILE = CheckList/Info.plist;
				LD_RUNPATH_SEARCH_PATHS = "$(inherited) @executable_path/Frameworks";
				PRODUCT_BUNDLE_IDENTIFIER = svr.CheckList;
				PRODUCT_NAME = "$(TARGET_NAME)";
				SWIFT_VERSION = 4.0;
				TARGETED_DEVICE_FAMILY = 1;
			};
			name = Release;
		};
/* End XCBuildConfiguration section */

/* Begin XCConfigurationList section */
		0312BCC11F79221200174052 /* Build configuration list for PBXProject "CheckList" */ = {
			isa = XCConfigurationList;
			buildConfigurations = (
				0312BCD61F79221300174052 /* Debug */,
				0312BCD71F79221300174052 /* Release */,
			);
			defaultConfigurationIsVisible = 0;
			defaultConfigurationName = Release;
		};
		0312BCD81F79221300174052 /* Build configuration list for PBXNativeTarget "CheckList" */ = {
			isa = XCConfigurationList;
			buildConfigurations = (
				0312BCD91F79221300174052 /* Debug */,
				0312BCDA1F79221300174052 /* Release */,
			);
			defaultConfigurationIsVisible = 0;
			defaultConfigurationName = Release;
		};
/* End XCConfigurationList section */
	};
	rootObject = 0312BCBE1F79221200174052 /* Project object */;
}
